
Microsoft Visual Studio Solution File, Format Version 12.00
# Visual Studio Version 16
VisualStudioVersion = 16.0.31515.178
MinimumVisualStudioVersion = 10.0.40219.1
Project("{9A19103F-16F7-4668-BE54-9A1E7A4F7556}") = "ASPNET-Core-MVC", "ASPNET-Core-MVC.csproj", "{A825B31C-4B13-4D85-937D-5B5C82B10F8F}"
EndProject
Global
	GlobalSection(SolutionConfigurationPlatforms) = preSolution
		Debug|Any CPU = Debug|Any CPU
		Release|Any CPU = Release|Any CPU
	EndGlobalSection
	GlobalSection(ProjectConfigurationPlatforms) = postSolution
		{A825B31C-4B13-4D85-937D-5B5C82B10F8F}.Debug|Any CPU.ActiveCfg = Debug|Any CPU
		{A825B31C-4B13-4D85-937D-5B5C82B10F8F}.Debug|Any CPU.Build.0 = Debug|Any CPU
		{A825B31C-4B13-4D85-937D-5B5C82B10F8F}.Release|Any CPU.ActiveCfg = Release|Any CPU
		{A825B31C-4B13-4D85-937D-5B5C82B10F8F}.Release|Any CPU.Build.0 = Release|Any CPU
	EndGlobalSection
	GlobalSection(SolutionProperties) = preSolution
		HideSolutionNode = FALSE
	EndGlobalSection
	GlobalSection(ExtensibilityGlobals) = postSolution
		SolutionGuid = {AB307D17-CF41-40E1-B2FC-A33B2D7B7007}
	EndGlobalSection
EndGlobal
